
Microsoft Visual Studio Solution File, Format Version 12.00
# Visual Studio Version 17
VisualStudioVersion = 17.11.35327.3
MinimumVisualStudioVersion = 10.0.40219.1
Project("{FAE04EC0-301F-11D3-BF4B-00C04F79EFBC}") = "Mare_Bogdan_Lab1", "Mare_Bogdan_Lab1\Mare_Bogdan_Lab1.csproj", "{7E453F33-23EB-43D4-871E-FEB8167C2A79}"
EndProject
Global
	GlobalSection(SolutionConfigurationPlatforms) = preSolution
		Debug|Any CPU = Debug|Any CPU
		Release|Any CPU = Release|Any CPU
	EndGlobalSection
	GlobalSection(ProjectConfigurationPlatforms) = postSolution
		{7E453F33-23EB-43D4-871E-FEB8167C2A79}.Debug|Any CPU.ActiveCfg = Debug|Any CPU
		{7E453F33-23EB-43D4-871E-FEB8167C2A79}.Debug|Any CPU.Build.0 = Debug|Any CPU
		{7E453F33-23EB-43D4-871E-FEB8167C2A79}.Release|Any CPU.ActiveCfg = Release|Any CPU
		{7E453F33-23EB-43D4-871E-FEB8167C2A79}.Release|Any CPU.Build.0 = Release|Any CPU
	EndGlobalSection
	GlobalSection(SolutionProperties) = preSolution
		HideSolutionNode = FALSE
	EndGlobalSection
	GlobalSection(ExtensibilityGlobals) = postSolution
		SolutionGuid = {9C4704E0-E762-45C6-9B85-F1D02FAA8227}
	EndGlobalSection
EndGlobal
